// !$*UTF8*$!
{
	archiveVersion = 1;
	classes = {
	};
	objectVersion = 46;
	objects = {

/* Begin PBXBuildFile section */
		4823607B1AF6DC300049EF0B /* AppDelegate.swift in Sources */ = {isa = PBXBuildFile; fileRef = 4823607A1AF6DC300049EF0B /* AppDelegate.swift */; };
		4823607E1AF6DC300049EF0B /* HealthCareProject.xcdatamodeld in Sources */ = {isa = PBXBuildFile; fileRef = 4823607C1AF6DC300049EF0B /* HealthCareProject.xcdatamodeld */; };
		482360831AF6DC300049EF0B /* Main.storyboard in Resources */ = {isa = PBXBuildFile; fileRef = 482360811AF6DC300049EF0B /* Main.storyboard */; };
		482360851AF6DC300049EF0B /* Images.xcassets in Resources */ = {isa = PBXBuildFile; fileRef = 482360841AF6DC300049EF0B /* Images.xcassets */; };
		482360881AF6DC300049EF0B /* LaunchScreen.xib in Resources */ = {isa = PBXBuildFile; fileRef = 482360861AF6DC300049EF0B /* LaunchScreen.xib */; };
		482360941AF6DC310049EF0B /* HealthCareProjectTests.swift in Sources */ = {isa = PBXBuildFile; fileRef = 482360931AF6DC310049EF0B /* HealthCareProjectTests.swift */; };
		4823609E1AF6F0930049EF0B /* DrugsTableViewController.swift in Sources */ = {isa = PBXBuildFile; fileRef = 4823609D1AF6F0930049EF0B /* DrugsTableViewController.swift */; };
		482360A01AF6F0C60049EF0B /* Drug.swift in Sources */ = {isa = PBXBuildFile; fileRef = 4823609F1AF6F0C60049EF0B /* Drug.swift */; };
		48529F9E1AF8FB2D00141A63 /* DoctorLoginViewController.swift in Sources */ = {isa = PBXBuildFile; fileRef = 48529F9D1AF8FB2D00141A63 /* DoctorLoginViewController.swift */; };
		48529FA01AF8FB5200141A63 /* DocotorRegisterViewController.swift in Sources */ = {isa = PBXBuildFile; fileRef = 48529F9F1AF8FB5200141A63 /* DocotorRegisterViewController.swift */; };
		48529FA61AF8FC5600141A63 /* Bolts.framework in Frameworks */ = {isa = PBXBuildFile; fileRef = 48529FA31AF8FC5600141A63 /* Bolts.framework */; };
		48529FA81AF8FC5600141A63 /* ParseUI.framework in Frameworks */ = {isa = PBXBuildFile; fileRef = 48529FA51AF8FC5600141A63 /* ParseUI.framework */; };
		48529FAA1AF8FC6700141A63 /* AudioToolbox.framework in Frameworks */ = {isa = PBXBuildFile; fileRef = 48529FA91AF8FC6700141A63 /* AudioToolbox.framework */; };
		48529FAC1AF8FC6E00141A63 /* CFNetwork.framework in Frameworks */ = {isa = PBXBuildFile; fileRef = 48529FAB1AF8FC6E00141A63 /* CFNetwork.framework */; };
		48529FAE1AF8FC7400141A63 /* CoreGraphics.framework in Frameworks */ = {isa = PBXBuildFile; fileRef = 48529FAD1AF8FC7400141A63 /* CoreGraphics.framework */; };
		48529FB01AF8FC7B00141A63 /* CoreLocation.framework in Frameworks */ = {isa = PBXBuildFile; fileRef = 48529FAF1AF8FC7B00141A63 /* CoreLocation.framework */; };
		48529FB21AF8FC8200141A63 /* MobileCoreServices.framework in Frameworks */ = {isa = PBXBuildFile; fileRef = 48529FB11AF8FC8200141A63 /* MobileCoreServices.framework */; };
		48529FB41AF8FC8800141A63 /* QuartzCore.framework in Frameworks */ = {isa = PBXBuildFile; fileRef = 48529FB31AF8FC8800141A63 /* QuartzCore.framework */; };
		48529FB61AF8FC8E00141A63 /* Security.framework in Frameworks */ = {isa = PBXBuildFile; fileRef = 48529FB51AF8FC8E00141A63 /* Security.framework */; };
		48529FB81AF8FC9300141A63 /* StoreKit.framework in Frameworks */ = {isa = PBXBuildFile; fileRef = 48529FB71AF8FC9300141A63 /* StoreKit.framework */; };
		48529FBA1AF8FC9900141A63 /* SystemConfiguration.framework in Frameworks */ = {isa = PBXBuildFile; fileRef = 48529FB91AF8FC9900141A63 /* SystemConfiguration.framework */; };
		48529FBC1AF8FC9E00141A63 /* libz.dylib in Frameworks */ = {isa = PBXBuildFile; fileRef = 48529FBB1AF8FC9E00141A63 /* libz.dylib */; };
		48529FBE1AF8FCA600141A63 /* libsqlite3.dylib in Frameworks */ = {isa = PBXBuildFile; fileRef = 48529FBD1AF8FCA600141A63 /* libsqlite3.dylib */; };
		48529FC01AF8FCAB00141A63 /* Accounts.framework in Frameworks */ = {isa = PBXBuildFile; fileRef = 48529FBF1AF8FCAB00141A63 /* Accounts.framework */; };
		48529FC21AF8FCB100141A63 /* Social.framework in Frameworks */ = {isa = PBXBuildFile; fileRef = 48529FC11AF8FCB100141A63 /* Social.framework */; };
		48529FC51AF91C0600141A63 /* DoctorsTableViewController.swift in Sources */ = {isa = PBXBuildFile; fileRef = 48529FC41AF91C0600141A63 /* DoctorsTableViewController.swift */; };
		48529FC71AF91EAB00141A63 /* DoctorsTableViewCell.swift in Sources */ = {isa = PBXBuildFile; fileRef = 48529FC61AF91EAB00141A63 /* DoctorsTableViewCell.swift */; };
		48529FC91AF924F800141A63 /* Doctor.swift in Sources */ = {isa = PBXBuildFile; fileRef = 48529FC81AF924F800141A63 /* Doctor.swift */; };
		48529FCB1AF928F800141A63 /* DoctorDetailsViewController.swift in Sources */ = {isa = PBXBuildFile; fileRef = 48529FCA1AF928F800141A63 /* DoctorDetailsViewController.swift */; };
		4861D7ED1AF7D4FA001C6BDC /* AddDrugTableViewController.swift in Sources */ = {isa = PBXBuildFile; fileRef = 4861D7EC1AF7D4FA001C6BDC /* AddDrugTableViewController.swift */; };
		4861D7EF1AF7FBAF001C6BDC /* DetailsViewController.swift in Sources */ = {isa = PBXBuildFile; fileRef = 4861D7EE1AF7FBAF001C6BDC /* DetailsViewController.swift */; };
		4861D84A1AF84683001C6BDC /* AddToMyListTableViewController.swift in Sources */ = {isa = PBXBuildFile; fileRef = 4861D8491AF84683001C6BDC /* AddToMyListTableViewController.swift */; };
		48EF9FE91AFA946D00164286 /* Parse.framework in Frameworks */ = {isa = PBXBuildFile; fileRef = 48529FA41AF8FC5600141A63 /* Parse.framework */; };
/* End PBXBuildFile section */

/* Begin PBXContainerItemProxy section */
		4823608E1AF6DC300049EF0B /* PBXContainerItemProxy */ = {
			isa = PBXContainerItemProxy;
			containerPortal = 4823606D1AF6DC300049EF0B /* Project object */;
			proxyType = 1;
			remoteGlobalIDString = 482360741AF6DC300049EF0B;
			remoteInfo = HealthCareProject;
		};
/* End PBXContainerItemProxy section */

/* Begin PBXFileReference section */
		482360751AF6DC300049EF0B /* HealthCareProject.app */ = {isa = PBXFileReference; explicitFileType = wrapper.application; includeInIndex = 0; path = HealthCareProject.app; sourceTree = BUILT_PRODUCTS_DIR; };
		482360791AF6DC300049EF0B /* Info.plist */ = {isa = PBXFileReference; lastKnownFileType = text.plist.xml; path = Info.plist; sourceTree = "<group>"; };
		4823607A1AF6DC300049EF0B /* AppDelegate.swift */ = {isa = PBXFileReference; lastKnownFileType = sourcecode.swift; path = AppDelegate.swift; sourceTree = "<group>"; };
		4823607D1AF6DC300049EF0B /* HealthCareProject.xcdatamodel */ = {isa = PBXFileReference; lastKnownFileType = wrapper.xcdatamodel; path = HealthCareProject.xcdatamodel; sourceTree = "<group>"; };
		482360821AF6DC300049EF0B /* Base */ = {isa = PBXFileReference; lastKnownFileType = file.storyboard; name = Base; path = Base.lproj/Main.storyboard; sourceTree = "<group>"; };
		482360841AF6DC300049EF0B /* Images.xcassets */ = {isa = PBXFileReference; lastKnownFileType = folder.assetcatalog; path = Images.xcassets; sourceTree = "<group>"; };
		482360871AF6DC300049EF0B /* Base */ = {isa = PBXFileReference; lastKnownFileType = file.xib; name = Base; path = Base.lproj/LaunchScreen.xib; sourceTree = "<group>"; };
		4823608D1AF6DC300049EF0B /* HealthCareProjectTests.xctest */ = {isa = PBXFileReference; explicitFileType = wrapper.cfbundle; includeInIndex = 0; path = HealthCareProjectTests.xctest; sourceTree = BUILT_PRODUCTS_DIR; };
		482360921AF6DC310049EF0B /* Info.plist */ = {isa = PBXFileReference; lastKnownFileType = text.plist.xml; path = Info.plist; sourceTree = "<group>"; };
		482360931AF6DC310049EF0B /* HealthCareProjectTests.swift */ = {isa = PBXFileReference; lastKnownFileType = sourcecode.swift; path = HealthCareProjectTests.swift; sourceTree = "<group>"; };
		4823609D1AF6F0930049EF0B /* DrugsTableViewController.swift */ = {isa = PBXFileReference; fileEncoding = 4; lastKnownFileType = sourcecode.swift; name = DrugsTableViewController.swift; path = ../DrugsTableViewController.swift; sourceTree = "<group>"; };
		4823609F1AF6F0C60049EF0B /* Drug.swift */ = {isa = PBXFileReference; fileEncoding = 4; lastKnownFileType = sourcecode.swift; path = Drug.swift; sourceTree = "<group>"; };
		48529F9D1AF8FB2D00141A63 /* DoctorLoginViewController.swift */ = {isa = PBXFileReference; fileEncoding = 4; lastKnownFileType = sourcecode.swift; path = DoctorLoginViewController.swift; sourceTree = "<group>"; };
		48529F9F1AF8FB5200141A63 /* DocotorRegisterViewController.swift */ = {isa = PBXFileReference; fileEncoding = 4; lastKnownFileType = sourcecode.swift; path = DocotorRegisterViewController.swift; sourceTree = "<group>"; };
		48529FA11AF8FC3F00141A63 /* ParseCrashReporting.framework */ = {isa = PBXFileReference; lastKnownFileType = wrapper.framework; name = ParseCrashReporting.framework; path = "../../../Desktop/NEW MACBOOK/Development/iOS/Video Tutorials/Parse login/parse-library-1.7.2/ParseCrashReporting.framework"; sourceTree = "<group>"; };
		48529FA31AF8FC5600141A63 /* Bolts.framework */ = {isa = PBXFileReference; lastKnownFileType = wrapper.framework; name = Bolts.framework; path = "../../../Desktop/NEW MACBOOK/Development/iOS/Video Tutorials/Parse login/parse-library-1.7.2/Bolts.framework"; sourceTree = "<group>"; };
		48529FA41AF8FC5600141A63 /* Parse.framework */ = {isa = PBXFileReference; lastKnownFileType = wrapper.framework; name = Parse.framework; path = "../../../Desktop/NEW MACBOOK/Development/iOS/Video Tutorials/Parse login/parse-library-1.7.2/Parse.framework"; sourceTree = "<group>"; };
		48529FA51AF8FC5600141A63 /* ParseUI.framework */ = {isa = PBXFileReference; lastKnownFileType = wrapper.framework; name = ParseUI.framework; path = "../../../Desktop/NEW MACBOOK/Development/iOS/Video Tutorials/Parse login/parse-library-1.7.2/ParseUI.framework"; sourceTree = "<group>"; };
		48529FA91AF8FC6700141A63 /* AudioToolbox.framework */ = {isa = PBXFileReference; lastKnownFileType = wrapper.framework; name = AudioToolbox.framework; path = System/Library/Frameworks/AudioToolbox.framework; sourceTree = SDKROOT; };
		48529FAB1AF8FC6E00141A63 /* CFNetwork.framework */ = {isa = PBXFileReference; lastKnownFileType = wrapper.framework; name = CFNetwork.framework; path = System/Library/Frameworks/CFNetwork.framework; sourceTree = SDKROOT; };
		48529FAD1AF8FC7400141A63 /* CoreGraphics.framework */ = {isa = PBXFileReference; lastKnownFileType = wrapper.framework; name = CoreGraphics.framework; path = System/Library/Frameworks/CoreGraphics.framework; sourceTree = SDKROOT; };
		48529FAF1AF8FC7B00141A63 /* CoreLocation.framework */ = {isa = PBXFileReference; lastKnownFileType = wrapper.framework; name = CoreLocation.framework; path = System/Library/Frameworks/CoreLocation.framework; sourceTree = SDKROOT; };
		48529FB11AF8FC8200141A63 /* MobileCoreServices.framework */ = {isa = PBXFileReference; lastKnownFileType = wrapper.framework; name = MobileCoreServices.framework; path = System/Library/Frameworks/MobileCoreServices.framework; sourceTree = SDKROOT; };
		48529FB31AF8FC8800141A63 /* QuartzCore.framework */ = {isa = PBXFileReference; lastKnownFileType = wrapper.framework; name = QuartzCore.framework; path = System/Library/Frameworks/QuartzCore.framework; sourceTree = SDKROOT; };
		48529FB51AF8FC8E00141A63 /* Security.framework */ = {isa = PBXFileReference; lastKnownFileType = wrapper.framework; name = Security.framework; path = System/Library/Frameworks/Security.framework; sourceTree = SDKROOT; };
		48529FB71AF8FC9300141A63 /* StoreKit.framework */ = {isa = PBXFileReference; lastKnownFileType = wrapper.framework; name = StoreKit.framework; path = System/Library/Frameworks/StoreKit.framework; sourceTree = SDKROOT; };
		48529FB91AF8FC9900141A63 /* SystemConfiguration.framework */ = {isa = PBXFileReference; lastKnownFileType = wrapper.framework; name = SystemConfiguration.framework; path = System/Library/Frameworks/SystemConfiguration.framework; sourceTree = SDKROOT; };
		48529FBB1AF8FC9E00141A63 /* libz.dylib */ = {isa = PBXFileReference; lastKnownFileType = "compiled.mach-o.dylib"; name = libz.dylib; path = usr/lib/libz.dylib; sourceTree = SDKROOT; };
		48529FBD1AF8FCA600141A63 /* libsqlite3.dylib */ = {isa = PBXFileReference; lastKnownFileType = "compiled.mach-o.dylib"; name = libsqlite3.dylib; path = usr/lib/libsqlite3.dylib; sourceTree = SDKROOT; };
		48529FBF1AF8FCAB00141A63 /* Accounts.framework */ = {isa = PBXFileReference; lastKnownFileType = wrapper.framework; name = Accounts.framework; path = System/Library/Frameworks/Accounts.framework; sourceTree = SDKROOT; };
		48529FC11AF8FCB100141A63 /* Social.framework */ = {isa = PBXFileReference; lastKnownFileType = wrapper.framework; name = Social.framework; path = System/Library/Frameworks/Social.framework; sourceTree = SDKROOT; };
		48529FC41AF91C0600141A63 /* DoctorsTableViewController.swift */ = {isa = PBXFileReference; fileEncoding = 4; lastKnownFileType = sourcecode.swift; path = DoctorsTableViewController.swift; sourceTree = "<group>"; };
		48529FC61AF91EAB00141A63 /* DoctorsTableViewCell.swift */ = {isa = PBXFileReference; fileEncoding = 4; lastKnownFileType = sourcecode.swift; path = DoctorsTableViewCell.swift; sourceTree = "<group>"; };
		48529FC81AF924F800141A63 /* Doctor.swift */ = {isa = PBXFileReference; fileEncoding = 4; lastKnownFileType = sourcecode.swift; path = Doctor.swift; sourceTree = "<group>"; };
		48529FCA1AF928F800141A63 /* DoctorDetailsViewController.swift */ = {isa = PBXFileReference; fileEncoding = 4; lastKnownFileType = sourcecode.swift; path = DoctorDetailsViewController.swift; sourceTree = "<group>"; };
		4861D7EC1AF7D4FA001C6BDC /* AddDrugTableViewController.swift */ = {isa = PBXFileReference; fileEncoding = 4; lastKnownFileType = sourcecode.swift; path = AddDrugTableViewController.swift; sourceTree = "<group>"; };
		4861D7EE1AF7FBAF001C6BDC /* DetailsViewController.swift */ = {isa = PBXFileReference; fileEncoding = 4; lastKnownFileType = sourcecode.swift; path = DetailsViewController.swift; sourceTree = "<group>"; };
		4861D8491AF84683001C6BDC /* AddToMyListTableViewController.swift */ = {isa = PBXFileReference; fileEncoding = 4; lastKnownFileType = sourcecode.swift; path = AddToMyListTableViewController.swift; sourceTree = "<group>"; };
/* End PBXFileReference section */

/* Begin PBXFrameworksBuildPhase section */
		482360721AF6DC300049EF0B /* Frameworks */ = {
			isa = PBXFrameworksBuildPhase;
			buildActionMask = 2147483647;
			files = (
				48529FC21AF8FCB100141A63 /* Social.framework in Frameworks */,
				48529FC01AF8FCAB00141A63 /* Accounts.framework in Frameworks */,
				48529FBE1AF8FCA600141A63 /* libsqlite3.dylib in Frameworks */,
				48529FBC1AF8FC9E00141A63 /* libz.dylib in Frameworks */,
				48529FBA1AF8FC9900141A63 /* SystemConfiguration.framework in Frameworks */,
				48529FB81AF8FC9300141A63 /* StoreKit.framework in Frameworks */,
				48529FB61AF8FC8E00141A63 /* Security.framework in Frameworks */,
				48529FB41AF8FC8800141A63 /* QuartzCore.framework in Frameworks */,
				48529FB21AF8FC8200141A63 /* MobileCoreServices.framework in Frameworks */,
				48EF9FE91AFA946D00164286 /* Parse.framework in Frameworks */,
				48529FB01AF8FC7B00141A63 /* CoreLocation.framework in Frameworks */,
				48529FAE1AF8FC7400141A63 /* CoreGraphics.framework in Frameworks */,
				48529FAC1AF8FC6E00141A63 /* CFNetwork.framework in Frameworks */,
				48529FAA1AF8FC6700141A63 /* AudioToolbox.framework in Frameworks */,
				48529FA61AF8FC5600141A63 /* Bolts.framework in Frameworks */,
				48529FA81AF8FC5600141A63 /* ParseUI.framework in Frameworks */,
			);
			runOnlyForDeploymentPostprocessing = 0;
		};
		4823608A1AF6DC300049EF0B /* Frameworks */ = {
			isa = PBXFrameworksBuildPhase;
			buildActionMask = 2147483647;
			files = (
			);
			runOnlyForDeploymentPostprocessing = 0;
		};
/* End PBXFrameworksBuildPhase section */

/* Begin PBXGroup section */
		4823606C1AF6DC300049EF0B = {
			isa = PBXGroup;
			children = (
				48529FC11AF8FCB100141A63 /* Social.framework */,
				48529FBF1AF8FCAB00141A63 /* Accounts.framework */,
				48529FBD1AF8FCA600141A63 /* libsqlite3.dylib */,
				48529FBB1AF8FC9E00141A63 /* libz.dylib */,
				48529FB91AF8FC9900141A63 /* SystemConfiguration.framework */,
				48529FB71AF8FC9300141A63 /* StoreKit.framework */,
				48529FB51AF8FC8E00141A63 /* Security.framework */,
				48529FB31AF8FC8800141A63 /* QuartzCore.framework */,
				48529FB11AF8FC8200141A63 /* MobileCoreServices.framework */,
				48529FAF1AF8FC7B00141A63 /* CoreLocation.framework */,
				48529FAD1AF8FC7400141A63 /* CoreGraphics.framework */,
				48529FAB1AF8FC6E00141A63 /* CFNetwork.framework */,
				48529FA91AF8FC6700141A63 /* AudioToolbox.framework */,
				48529FA31AF8FC5600141A63 /* Bolts.framework */,
				48529FA41AF8FC5600141A63 /* Parse.framework */,
				48529FA51AF8FC5600141A63 /* ParseUI.framework */,
				48529FA11AF8FC3F00141A63 /* ParseCrashReporting.framework */,
				482360771AF6DC300049EF0B /* HealthCareProject */,
				482360901AF6DC310049EF0B /* HealthCareProjectTests */,
				482360761AF6DC300049EF0B /* Products */,
			);
			sourceTree = "<group>";
		};
		482360761AF6DC300049EF0B /* Products */ = {
			isa = PBXGroup;
			children = (
				482360751AF6DC300049EF0B /* HealthCareProject.app */,
				4823608D1AF6DC300049EF0B /* HealthCareProjectTests.xctest */,
			);
			name = Products;
			sourceTree = "<group>";
		};
		482360771AF6DC300049EF0B /* HealthCareProject */ = {
			isa = PBXGroup;
			children = (
				48529FCD1AF92A9F00141A63 /* Drug */,
				48529FCC1AF92A2A00141A63 /* Doctor */,
				482360811AF6DC300049EF0B /* Main.storyboard */,
				482360781AF6DC300049EF0B /* Supporting Files */,
			);
			path = HealthCareProject;
			sourceTree = "<group>";
		};
		482360781AF6DC300049EF0B /* Supporting Files */ = {
			isa = PBXGroup;
			children = (
				4823607C1AF6DC300049EF0B /* HealthCareProject.xcdatamodeld */,
				482360861AF6DC300049EF0B /* LaunchScreen.xib */,
				482360841AF6DC300049EF0B /* Images.xcassets */,
				4823607A1AF6DC300049EF0B /* AppDelegate.swift */,
				482360791AF6DC300049EF0B /* Info.plist */,
			);
			name = "Supporting Files";
			sourceTree = "<group>";
		};
		482360901AF6DC310049EF0B /* HealthCareProjectTests */ = {
			isa = PBXGroup;
			children = (
				482360931AF6DC310049EF0B /* HealthCareProjectTests.swift */,
				482360911AF6DC310049EF0B /* Supporting Files */,
			);
			path = HealthCareProjectTests;
			sourceTree = "<group>";
		};
		482360911AF6DC310049EF0B /* Supporting Files */ = {
			isa = PBXGroup;
			children = (
				482360921AF6DC310049EF0B /* Info.plist */,
			);
			name = "Supporting Files";
			sourceTree = "<group>";
		};
		48529FCC1AF92A2A00141A63 /* Doctor */ = {
			isa = PBXGroup;
			children = (
				48529F9D1AF8FB2D00141A63 /* DoctorLoginViewController.swift */,
				48529F9F1AF8FB5200141A63 /* DocotorRegisterViewController.swift */,
				48529FCA1AF928F800141A63 /* DoctorDetailsViewController.swift */,
				48529FC41AF91C0600141A63 /* DoctorsTableViewController.swift */,
				48529FC61AF91EAB00141A63 /* DoctorsTableViewCell.swift */,
				48529FC81AF924F800141A63 /* Doctor.swift */,
			);
			name = Doctor;
			sourceTree = "<group>";
		};
		48529FCD1AF92A9F00141A63 /* Drug */ = {
			isa = PBXGroup;
			children = (
				4823609D1AF6F0930049EF0B /* DrugsTableViewController.swift */,
				4861D7EE1AF7FBAF001C6BDC /* DetailsViewController.swift */,
				4861D7EC1AF7D4FA001C6BDC /* AddDrugTableViewController.swift */,
				4861D8491AF84683001C6BDC /* AddToMyListTableViewController.swift */,
				4823609F1AF6F0C60049EF0B /* Drug.swift */,
			);
			name = Drug;
			sourceTree = "<group>";
		};
/* End PBXGroup section */

/* Begin PBXNativeTarget section */
		482360741AF6DC300049EF0B /* HealthCareProject */ = {
			isa = PBXNativeTarget;
			buildConfigurationList = 482360971AF6DC310049EF0B /* Build configuration list for PBXNativeTarget "HealthCareProject" */;
			buildPhases = (
				482360711AF6DC300049EF0B /* Sources */,
				482360721AF6DC300049EF0B /* Frameworks */,
				482360731AF6DC300049EF0B /* Resources */,
			);
			buildRules = (
			);
			dependencies = (
			);
			name = HealthCareProject;
			productName = HealthCareProject;
			productReference = 482360751AF6DC300049EF0B /* HealthCareProject.app */;
			productType = "com.apple.product-type.application";
		};
		4823608C1AF6DC300049EF0B /* HealthCareProjectTests */ = {
			isa = PBXNativeTarget;
			buildConfigurationList = 4823609A1AF6DC310049EF0B /* Build configuration list for PBXNativeTarget "HealthCareProjectTests" */;
			buildPhases = (
				482360891AF6DC300049EF0B /* Sources */,
				4823608A1AF6DC300049EF0B /* Frameworks */,
				4823608B1AF6DC300049EF0B /* Resources */,
			);
			buildRules = (
			);
			dependencies = (
				4823608F1AF6DC300049EF0B /* PBXTargetDependency */,
			);
			name = HealthCareProjectTests;
			productName = HealthCareProjectTests;
			productReference = 4823608D1AF6DC300049EF0B /* HealthCareProjectTests.xctest */;
			productType = "com.apple.product-type.bundle.unit-test";
		};
/* End PBXNativeTarget section */

/* Begin PBXProject section */
		4823606D1AF6DC300049EF0B /* Project object */ = {
			isa = PBXProject;
			attributes = {
				LastUpgradeCheck = 0620;
				ORGANIZATIONNAME = "Ahmad Ayman";
				TargetAttributes = {
					482360741AF6DC300049EF0B = {
						CreatedOnToolsVersion = 6.2;
					};
					4823608C1AF6DC300049EF0B = {
						CreatedOnToolsVersion = 6.2;
						TestTargetID = 482360741AF6DC300049EF0B;
					};
				};
			};
			buildConfigurationList = 482360701AF6DC300049EF0B /* Build configuration list for PBXProject "HealthCareProject" */;
			compatibilityVersion = "Xcode 3.2";
			developmentRegion = English;
			hasScannedForEncodings = 0;
			knownRegions = (
				en,
				Base,
			);
			mainGroup = 4823606C1AF6DC300049EF0B;
			productRefGroup = 482360761AF6DC300049EF0B /* Products */;
			projectDirPath = "";
			projectRoot = "";
			targets = (
				482360741AF6DC300049EF0B /* HealthCareProject */,
				4823608C1AF6DC300049EF0B /* HealthCareProjectTests */,
			);
		};
/* End PBXProject section */

/* Begin PBXResourcesBuildPhase section */
		482360731AF6DC300049EF0B /* Resources */ = {
			isa = PBXResourcesBuildPhase;
			buildActionMask = 2147483647;
			files = (
				482360831AF6DC300049EF0B /* Main.storyboard in Resources */,
				482360881AF6DC300049EF0B /* LaunchScreen.xib in Resources */,
				482360851AF6DC300049EF0B /* Images.xcassets in Resources */,
			);
			runOnlyForDeploymentPostprocessing = 0;
		};
		4823608B1AF6DC300049EF0B /* Resources */ = {
			isa = PBXResourcesBuildPhase;
			buildActionMask = 2147483647;
			files = (
			);
			runOnlyForDeploymentPostprocessing = 0;
		};
/* End PBXResourcesBuildPhase section */

/* Begin PBXSourcesBuildPhase section */
		482360711AF6DC300049EF0B /* Sources */ = {
			isa = PBXSourcesBuildPhase;
			buildActionMask = 2147483647;
			files = (
				4823607E1AF6DC300049EF0B /* HealthCareProject.xcdatamodeld in Sources */,
				4823609E1AF6F0930049EF0B /* DrugsTableViewController.swift in Sources */,
				48529FC91AF924F800141A63 /* Doctor.swift in Sources */,
				4861D7ED1AF7D4FA001C6BDC /* AddDrugTableViewController.swift in Sources */,
				4861D84A1AF84683001C6BDC /* AddToMyListTableViewController.swift in Sources */,
				4823607B1AF6DC300049EF0B /* AppDelegate.swift in Sources */,
				48529F9E1AF8FB2D00141A63 /* DoctorLoginViewController.swift in Sources */,
				482360A01AF6F0C60049EF0B /* Drug.swift in Sources */,
				48529FA01AF8FB5200141A63 /* DocotorRegisterViewController.swift in Sources */,
				48529FCB1AF928F800141A63 /* DoctorDetailsViewController.swift in Sources */,
				48529FC51AF91C0600141A63 /* DoctorsTableViewController.swift in Sources */,
				48529FC71AF91EAB00141A63 /* DoctorsTableViewCell.swift in Sources */,
				4861D7EF1AF7FBAF001C6BDC /* DetailsViewController.swift in Sources */,
			);
			runOnlyForDeploymentPostprocessing = 0;
		};
		482360891AF6DC300049EF0B /* Sources */ = {
			isa = PBXSourcesBuildPhase;
			buildActionMask = 2147483647;
			files = (
				482360941AF6DC310049EF0B /* HealthCareProjectTests.swift in Sources */,
			);
			runOnlyForDeploymentPostprocessing = 0;
		};
/* End PBXSourcesBuildPhase section */

/* Begin PBXTargetDependency section */
		4823608F1AF6DC300049EF0B /* PBXTargetDependency */ = {
			isa = PBXTargetDependency;
			target = 482360741AF6DC300049EF0B /* HealthCareProject */;
			targetProxy = 4823608E1AF6DC300049EF0B /* PBXContainerItemProxy */;
		};
/* End PBXTargetDependency section */

/* Begin PBXVariantGroup section */
		482360811AF6DC300049EF0B /* Main.storyboard */ = {
			isa = PBXVariantGroup;
			children = (
				482360821AF6DC300049EF0B /* Base */,
			);
			name = Main.storyboard;
			sourceTree = "<group>";
		};
		482360861AF6DC300049EF0B /* LaunchScreen.xib */ = {
			isa = PBXVariantGroup;
			children = (
				482360871AF6DC300049EF0B /* Base */,
			);
			name = LaunchScreen.xib;
			sourceTree = "<group>";
		};
/* End PBXVariantGroup section */

/* Begin XCBuildConfiguration section */
		482360951AF6DC310049EF0B /* Debug */ = {
			isa = XCBuildConfiguration;
			buildSettings = {
				ALWAYS_SEARCH_USER_PATHS = NO;
				CLANG_CXX_LANGUAGE_STANDARD = "gnu++0x";
				CLANG_CXX_LIBRARY = "libc++";
				CLANG_ENABLE_MODULES = YES;
				CLANG_ENABLE_OBJC_ARC = YES;
				CLANG_WARN_BOOL_CONVERSION = YES;
				CLANG_WARN_CONSTANT_CONVERSION = YES;
				CLANG_WARN_DIRECT_OBJC_ISA_USAGE = YES_ERROR;
				CLANG_WARN_EMPTY_BODY = YES;
				CLANG_WARN_ENUM_CONVERSION = YES;
				CLANG_WARN_INT_CONVERSION = YES;
				CLANG_WARN_OBJC_ROOT_CLASS = YES_ERROR;
				CLANG_WARN_UNREACHABLE_CODE = YES;
				CLANG_WARN__DUPLICATE_METHOD_MATCH = YES;
				"CODE_SIGN_IDENTITY[sdk=iphoneos*]" = "iPhone Developer";
				COPY_PHASE_STRIP = NO;
				ENABLE_STRICT_OBJC_MSGSEND = YES;
				GCC_C_LANGUAGE_STANDARD = gnu99;
				GCC_DYNAMIC_NO_PIC = NO;
				GCC_OPTIMIZATION_LEVEL = 0;
				GCC_PREPROCESSOR_DEFINITIONS = (
					"DEBUG=1",
					"$(inherited)",
				);
				GCC_SYMBOLS_PRIVATE_EXTERN = NO;
				GCC_WARN_64_TO_32_BIT_CONVERSION = YES;
				GCC_WARN_ABOUT_RETURN_TYPE = YES_ERROR;
				GCC_WARN_UNDECLARED_SELECTOR = YES;
				GCC_WARN_UNINITIALIZED_AUTOS = YES_AGGRESSIVE;
				GCC_WARN_UNUSED_FUNCTION = YES;
				GCC_WARN_UNUSED_VARIABLE = YES;
				IPHONEOS_DEPLOYMENT_TARGET = 8.2;
				MTL_ENABLE_DEBUG_INFO = YES;
				ONLY_ACTIVE_ARCH = YES;
				SDKROOT = iphoneos;
				SWIFT_OPTIMIZATION_LEVEL = "-Onone";
				TARGETED_DEVICE_FAMILY = 2;
			};
			name = Debug;
		};
		482360961AF6DC310049EF0B /* Release */ = {
			isa = XCBuildConfiguration;
			buildSettings = {
				ALWAYS_SEARCH_USER_PATHS = NO;
				CLANG_CXX_LANGUAGE_STANDARD = "gnu++0x";
				CLANG_CXX_LIBRARY = "libc++";
				CLANG_ENABLE_MODULES = YES;
				CLANG_ENABLE_OBJC_ARC = YES;
				CLANG_WARN_BOOL_CONVERSION = YES;
				CLANG_WARN_CONSTANT_CONVERSION = YES;
				CLANG_WARN_DIRECT_OBJC_ISA_USAGE = YES_ERROR;
				CLANG_WARN_EMPTY_BODY = YES;
				CLANG_WARN_ENUM_CONVERSION = YES;
				CLANG_WARN_INT_CONVERSION = YES;
				CLANG_WARN_OBJC_ROOT_CLASS = YES_ERROR;
				CLANG_WARN_UNREACHABLE_CODE = YES;
				CLANG_WARN__DUPLICATE_METHOD_MATCH = YES;
				"CODE_SIGN_IDENTITY[sdk=iphoneos*]" = "iPhone Developer";
				COPY_PHASE_STRIP = NO;
				ENABLE_NS_ASSERTIONS = NO;
				ENABLE_STRICT_OBJC_MSGSEND = YES;
				GCC_C_LANGUAGE_STANDARD = gnu99;
				GCC_WARN_64_TO_32_BIT_CONVERSION = YES;
				GCC_WARN_ABOUT_RETURN_TYPE = YES_ERROR;
				GCC_WARN_UNDECLARED_SELECTOR = YES;
				GCC_WARN_UNINITIALIZED_AUTOS = YES_AGGRESSIVE;
				GCC_WARN_UNUSED_FUNCTION = YES;
				GCC_WARN_UNUSED_VARIABLE = YES;
				IPHONEOS_DEPLOYMENT_TARGET = 8.2;
				MTL_ENABLE_DEBUG_INFO = NO;
				SDKROOT = iphoneos;
				TARGETED_DEVICE_FAMILY = 2;
				VALIDATE_PRODUCT = YES;
			};
			name = Release;
		};
		482360981AF6DC310049EF0B /* Debug */ = {
			isa = XCBuildConfiguration;
			buildSettings = {
				ASSETCATALOG_COMPILER_APPICON_NAME = AppIcon;
				FRAMEWORK_SEARCH_PATHS = (
					"$(inherited)",
					/Users/iartist93/Desktop/NEW,
					MACBOOK/Development/iOS/Video,
					Tutorials/Parse,
					"login/parse-library-1.7.2",
					/Users/iartist93/Desktop/NEW,
					MACBOOK/Development/iOS/Video,
					Tutorials/Parse,
					"login/parse-library-1.7.2",
				);
				INFOPLIST_FILE = HealthCareProject/Info.plist;
				LD_RUNPATH_SEARCH_PATHS = "$(inherited) @executable_path/Frameworks";
				PRODUCT_NAME = "$(TARGET_NAME)";
				TARGETED_DEVICE_FAMILY = "1,2";
			};
			name = Debug;
		};
		482360991AF6DC310049EF0B /* Release */ = {
			isa = XCBuildConfiguration;
			buildSettings = {
				ASSETCATALOG_COMPILER_APPICON_NAME = AppIcon;
				FRAMEWORK_SEARCH_PATHS = (
					"$(inherited)",
					/Users/iartist93/Desktop/NEW,
					MACBOOK/Development/iOS/Video,
					Tutorials/Parse,
					"login/parse-library-1.7.2",
					/Users/iartist93/Desktop/NEW,
					MACBOOK/Development/iOS/Video,
					Tutorials/Parse,
					"login/parse-library-1.7.2",
				);
				INFOPLIST_FILE = HealthCareProject/Info.plist;
				LD_RUNPATH_SEARCH_PATHS = "$(inherited) @executable_path/Frameworks";
				PRODUCT_NAME = "$(TARGET_NAME)";
				TARGETED_DEVICE_FAMILY = "1,2";
			};
			name = Release;
		};
		4823609B1AF6DC310049EF0B /* Debug */ = {
			isa = XCBuildConfiguration;
			buildSettings = {
				BUNDLE_LOADER = "$(TEST_HOST)";
				FRAMEWORK_SEARCH_PATHS = (
					"$(SDKROOT)/Developer/Library/Frameworks",
					"$(inherited)",
				);
				GCC_PREPROCESSOR_DEFINITIONS = (
					"DEBUG=1",
					"$(inherited)",
				);
				INFOPLIST_FILE = HealthCareProjectTests/Info.plist;
				LD_RUNPATH_SEARCH_PATHS = "$(inherited) @executable_path/Frameworks @loader_path/Frameworks";
				PRODUCT_NAME = "$(TARGET_NAME)";
				TEST_HOST = "$(BUILT_PRODUCTS_DIR)/HealthCareProject.app/HealthCareProject";
			};
			name = Debug;
		};
		4823609C1AF6DC310049EF0B /* Release */ = {
			isa = XCBuildConfiguration;
			buildSettings = {
				BUNDLE_LOADER = "$(TEST_HOST)";
				FRAMEWORK_SEARCH_PATHS = (
					"$(SDKROOT)/Developer/Library/Frameworks",
					"$(inherited)",
				);
				INFOPLIST_FILE = HealthCareProjectTests/Info.plist;
				LD_RUNPATH_SEARCH_PATHS = "$(inherited) @executable_path/Frameworks @loader_path/Frameworks";
				PRODUCT_NAME = "$(TARGET_NAME)";
				TEST_HOST = "$(BUILT_PRODUCTS_DIR)/HealthCareProject.app/HealthCareProject";
			};
			name = Release;
		};
/* End XCBuildConfiguration section */

/* Begin XCConfigurationList section */
		482360701AF6DC300049EF0B /* Build configuration list for PBXProject "HealthCareProject" */ = {
			isa = XCConfigurationList;
			buildConfigurations = (
				482360951AF6DC310049EF0B /* Debug */,
				482360961AF6DC310049EF0B /* Release */,
			);
			defaultConfigurationIsVisible = 0;
			defaultConfigurationName = Release;
		};
		482360971AF6DC310049EF0B /* Build configuration list for PBXNativeTarget "HealthCareProject" */ = {
			isa = XCConfigurationList;
			buildConfigurations = (
				482360981AF6DC310049EF0B /* Debug */,
				482360991AF6DC310049EF0B /* Release */,
			);
			defaultConfigurationIsVisible = 0;
			defaultConfigurationName = Release;
		};
		4823609A1AF6DC310049EF0B /* Build configuration list for PBXNativeTarget "HealthCareProjectTests" */ = {
			isa = XCConfigurationList;
			buildConfigurations = (
				4823609B1AF6DC310049EF0B /* Debug */,
				4823609C1AF6DC310049EF0B /* Release */,
			);
			defaultConfigurationIsVisible = 0;
			defaultConfigurationName = Release;
		};
/* End XCConfigurationList section */

/* Begin XCVersionGroup section */
		4823607C1AF6DC300049EF0B /* HealthCareProject.xcdatamodeld */ = {
			isa = XCVersionGroup;
			children = (
				4823607D1AF6DC300049EF0B /* HealthCareProject.xcdatamodel */,
			);
			currentVersion = 4823607D1AF6DC300049EF0B /* HealthCareProject.xcdatamodel */;
			path = HealthCareProject.xcdatamodeld;
			sourceTree = "<group>";
			versionGroupType = wrapper.xcdatamodel;
		};
/* End XCVersionGroup section */
	};
	rootObject = 4823606D1AF6DC300049EF0B /* Project object */;
}
